<Solution>
  <Project Path="Day01/Day01.csproj" />
  <Project Path="Day02/Day02.csproj" />
  <Project Path="Day03/Day03.csproj" />
  <Project Path="Day04\Day04.csproj" />
  <Project Path="Day05\Day05.csproj" />
  <Project Path="Day06/Day06.csproj" Id="947f2765-d020-4391-be50-376345e8c7a4" />
  <Project Path="Day07/Day07.csproj" Id="90df7693-1e06-4da1-b7d6-7c4c90eeead6" />
  <Project Path="Day08/Day08.csproj" Id="1a555750-a248-42ab-8ccc-5826d6d79639" />
</Solution>